{
  "originHash" : "d8f6384949340f8e932769113f5cea831dfdc19d157f9ce5d004da2ad870ed3a",
  "pins" : [
    {
      "identity" : "activityindicator",
      "kind" : "remoteSourceControl",
      "location" : "https://github.com/duyquang91/ActivityIndicator.git",
      "state" : {
        "revision" : "0101a02196f6a67cf26f6434b007d3db6bd07fee",
        "version" : "1.1.0"
      }
    },
    {
      "identity" : "alamofire",
      "kind" : "remoteSourceControl",
      "location" : "https://github.com/Alamofire/Alamofire.git",
      "state" : {
        "revision" : "3dc6a42c7727c49bf26508e29b0a0b35f9c7e1ad",
        "version" : "5.8.1"
      }
    },
    {
      "identity" : "shcoordinator",
      "kind" : "remoteSourceControl",
      "location" : "https://github.com/SHcommit/SHCoordinator.git",
      "state" : {
        "revision" : "2b9e1cc6ddbd2ecae039fce31fe8abb066510c36",
        "version" : "3.1.4"
      }
    },
    {
      "identity" : "snapkit",
      "kind" : "remoteSourceControl",
      "location" : "https://github.com/SnapKit/SnapKit.git",
      "state" : {
        "revision" : "2842e6e84e82eb9a8dac0100ca90d9444b0307f4",
        "version" : "5.7.1"
      }
    }
  ],
  "version" : 3
}
