// !$*UTF8*$!
{
	archiveVersion = 1;
	classes = {
	};
	objectVersion = 56;
	objects = {

/* Begin PBXBuildFile section */
		1339DB8629FD6C240039DF1D /* UIColor+.swift in Sources */ = {isa = PBXBuildFile; fileRef = 1339DB8529FD6C240039DF1D /* UIColor+.swift */; };
		1594F53229FD517E00A58F20 /* AppDelegate.swift in Sources */ = {isa = PBXBuildFile; fileRef = 1594F53129FD517E00A58F20 /* AppDelegate.swift */; };
		1594F53429FD517E00A58F20 /* SceneDelegate.swift in Sources */ = {isa = PBXBuildFile; fileRef = 1594F53329FD517E00A58F20 /* SceneDelegate.swift */; };
		1594F53629FD517E00A58F20 /* ViewController.swift in Sources */ = {isa = PBXBuildFile; fileRef = 1594F53529FD517E00A58F20 /* ViewController.swift */; };
		1594F53B29FD517F00A58F20 /* Assets.xcassets in Resources */ = {isa = PBXBuildFile; fileRef = 1594F53A29FD517F00A58F20 /* Assets.xcassets */; };
		1594F53E29FD517F00A58F20 /* LaunchScreen.storyboard in Resources */ = {isa = PBXBuildFile; fileRef = 1594F53C29FD517F00A58F20 /* LaunchScreen.storyboard */; };
		15F0A3F529FD58280049AB33 /* .swiftlint.yml in Resources */ = {isa = PBXBuildFile; fileRef = 15F0A3F429FD58280049AB33 /* .swiftlint.yml */; };
		15F0A3F929FD5CBA0049AB33 /* LayoutSupport.swift in Sources */ = {isa = PBXBuildFile; fileRef = 15F0A3F829FD5CBA0049AB33 /* LayoutSupport.swift */; };
		15F0A3FC29FD5D2C0049AB33 /* ConvenienceInit.swift in Sources */ = {isa = PBXBuildFile; fileRef = 15F0A3FB29FD5D2C0049AB33 /* ConvenienceInit.swift */; };
		15F0A3FE29FD5DF00049AB33 /* ViewModelProtocols.swift in Sources */ = {isa = PBXBuildFile; fileRef = 15F0A3FD29FD5DF00049AB33 /* ViewModelProtocols.swift */; };
		15FA5BB029FF1A2A00649317 /* UIControl+Combine.swift in Sources */ = {isa = PBXBuildFile; fileRef = 15FA5BAB29FF1A2900649317 /* UIControl+Combine.swift */; };
		15FA5BB129FF1A2A00649317 /* UISwitch+Combine.swift in Sources */ = {isa = PBXBuildFile; fileRef = 15FA5BAC29FF1A2900649317 /* UISwitch+Combine.swift */; };
		15FA5BB229FF1A2A00649317 /* UIButton+Combine.swift in Sources */ = {isa = PBXBuildFile; fileRef = 15FA5BAD29FF1A2900649317 /* UIButton+Combine.swift */; };
		15FA5BB329FF1A2A00649317 /* UIControl+CombineInteraction.swift in Sources */ = {isa = PBXBuildFile; fileRef = 15FA5BAE29FF1A2900649317 /* UIControl+CombineInteraction.swift */; };
		15FA5BB429FF1A2A00649317 /* UITextField+Combine.swift in Sources */ = {isa = PBXBuildFile; fileRef = 15FA5BAF29FF1A2900649317 /* UITextField+Combine.swift */; };
		35904D5B34E71896F2C8DF9B /* Pods_travelPlan.framework in Frameworks */ = {isa = PBXBuildFile; fileRef = 1736FE614E419B58FF013DB1 /* Pods_travelPlan.framework */; };
/* End PBXBuildFile section */

/* Begin PBXFileReference section */
		1339DB8529FD6C240039DF1D /* UIColor+.swift */ = {isa = PBXFileReference; lastKnownFileType = sourcecode.swift; path = "UIColor+.swift"; sourceTree = "<group>"; };
		1594F52E29FD517E00A58F20 /* travelPlan.app */ = {isa = PBXFileReference; explicitFileType = wrapper.application; includeInIndex = 0; path = travelPlan.app; sourceTree = BUILT_PRODUCTS_DIR; };
		1594F53129FD517E00A58F20 /* AppDelegate.swift */ = {isa = PBXFileReference; lastKnownFileType = sourcecode.swift; path = AppDelegate.swift; sourceTree = "<group>"; };
		1594F53329FD517E00A58F20 /* SceneDelegate.swift */ = {isa = PBXFileReference; lastKnownFileType = sourcecode.swift; path = SceneDelegate.swift; sourceTree = "<group>"; };
		1594F53529FD517E00A58F20 /* ViewController.swift */ = {isa = PBXFileReference; lastKnownFileType = sourcecode.swift; path = ViewController.swift; sourceTree = "<group>"; };
		1594F53A29FD517F00A58F20 /* Assets.xcassets */ = {isa = PBXFileReference; lastKnownFileType = folder.assetcatalog; path = Assets.xcassets; sourceTree = "<group>"; };
		1594F53D29FD517F00A58F20 /* Base */ = {isa = PBXFileReference; lastKnownFileType = file.storyboard; name = Base; path = Base.lproj/LaunchScreen.storyboard; sourceTree = "<group>"; };
		1594F53F29FD517F00A58F20 /* Info.plist */ = {isa = PBXFileReference; lastKnownFileType = text.plist.xml; path = Info.plist; sourceTree = "<group>"; };
		15F0A3F429FD58280049AB33 /* .swiftlint.yml */ = {isa = PBXFileReference; lastKnownFileType = text.yaml; path = .swiftlint.yml; sourceTree = "<group>"; };
		15F0A3F829FD5CBA0049AB33 /* LayoutSupport.swift */ = {isa = PBXFileReference; lastKnownFileType = sourcecode.swift; path = LayoutSupport.swift; sourceTree = "<group>"; };
		15F0A3FB29FD5D2C0049AB33 /* ConvenienceInit.swift */ = {isa = PBXFileReference; lastKnownFileType = sourcecode.swift; path = ConvenienceInit.swift; sourceTree = "<group>"; };
		15F0A3FD29FD5DF00049AB33 /* ViewModelProtocols.swift */ = {isa = PBXFileReference; lastKnownFileType = sourcecode.swift; path = ViewModelProtocols.swift; sourceTree = "<group>"; };
		15FA5BAB29FF1A2900649317 /* UIControl+Combine.swift */ = {isa = PBXFileReference; fileEncoding = 4; lastKnownFileType = sourcecode.swift; path = "UIControl+Combine.swift"; sourceTree = "<group>"; };
		15FA5BAC29FF1A2900649317 /* UISwitch+Combine.swift */ = {isa = PBXFileReference; fileEncoding = 4; lastKnownFileType = sourcecode.swift; path = "UISwitch+Combine.swift"; sourceTree = "<group>"; };
		15FA5BAD29FF1A2900649317 /* UIButton+Combine.swift */ = {isa = PBXFileReference; fileEncoding = 4; lastKnownFileType = sourcecode.swift; path = "UIButton+Combine.swift"; sourceTree = "<group>"; };
		15FA5BAE29FF1A2900649317 /* UIControl+CombineInteraction.swift */ = {isa = PBXFileReference; fileEncoding = 4; lastKnownFileType = sourcecode.swift; path = "UIControl+CombineInteraction.swift"; sourceTree = "<group>"; };
		15FA5BAF29FF1A2900649317 /* UITextField+Combine.swift */ = {isa = PBXFileReference; fileEncoding = 4; lastKnownFileType = sourcecode.swift; path = "UITextField+Combine.swift"; sourceTree = "<group>"; };
		1736FE614E419B58FF013DB1 /* Pods_travelPlan.framework */ = {isa = PBXFileReference; explicitFileType = wrapper.framework; includeInIndex = 0; path = Pods_travelPlan.framework; sourceTree = BUILT_PRODUCTS_DIR; };
		75E7B40FD574864F35D66797 /* Pods-travelPlan.debug.xcconfig */ = {isa = PBXFileReference; includeInIndex = 1; lastKnownFileType = text.xcconfig; name = "Pods-travelPlan.debug.xcconfig"; path = "Target Support Files/Pods-travelPlan/Pods-travelPlan.debug.xcconfig"; sourceTree = "<group>"; };
		D678D981623FBF5C9312D4AD /* Pods-travelPlan.release.xcconfig */ = {isa = PBXFileReference; includeInIndex = 1; lastKnownFileType = text.xcconfig; name = "Pods-travelPlan.release.xcconfig"; path = "Target Support Files/Pods-travelPlan/Pods-travelPlan.release.xcconfig"; sourceTree = "<group>"; };
/* End PBXFileReference section */

/* Begin PBXFrameworksBuildPhase section */
		1594F52B29FD517E00A58F20 /* Frameworks */ = {
			isa = PBXFrameworksBuildPhase;
			buildActionMask = 2147483647;
			files = (
				35904D5B34E71896F2C8DF9B /* Pods_travelPlan.framework in Frameworks */,
			);
			runOnlyForDeploymentPostprocessing = 0;
		};
/* End PBXFrameworksBuildPhase section */

/* Begin PBXGroup section */
		1339DB8429FD6B440039DF1D /* Extension */ = {
			isa = PBXGroup;
			children = (
				1339DB8529FD6C240039DF1D /* UIColor+.swift */,
			);
			path = Extension;
			sourceTree = "<group>";
		};
		1594F52529FD517E00A58F20 = {
			isa = PBXGroup;
			children = (
				15F0A3F429FD58280049AB33 /* .swiftlint.yml */,
				1594F53029FD517E00A58F20 /* Source */,
				1594F52F29FD517E00A58F20 /* Products */,
				22C6F6C53B2A988070A2BBBC /* Pods */,
				38BB380F9A03662B39DBB789 /* Frameworks */,
			);
			sourceTree = "<group>";
		};
		1594F52F29FD517E00A58F20 /* Products */ = {
			isa = PBXGroup;
			children = (
				1594F52E29FD517E00A58F20 /* travelPlan.app */,
			);
			name = Products;
			sourceTree = "<group>";
		};
		1594F53029FD517E00A58F20 /* Source */ = {
			isa = PBXGroup;
			children = (
				15F0A3F629FD5C9A0049AB33 /* Common */,
				1594F54629FD526900A58F20 /* Feature */,
				1594F54529FD521000A58F20 /* Support */,
			);
			path = Source;
			sourceTree = "<group>";
		};
		1594F54529FD521000A58F20 /* Support */ = {
			isa = PBXGroup;
			children = (
				1594F53129FD517E00A58F20 /* AppDelegate.swift */,
				1594F53F29FD517F00A58F20 /* Info.plist */,
				1594F53A29FD517F00A58F20 /* Assets.xcassets */,
				1594F53C29FD517F00A58F20 /* LaunchScreen.storyboard */,
				1594F53329FD517E00A58F20 /* SceneDelegate.swift */,
			);
			path = Support;
			sourceTree = "<group>";
		};
		1594F54629FD526900A58F20 /* Feature */ = {
			isa = PBXGroup;
			children = (
				1594F54729FD527100A58F20 /* Main */,
			);
			path = Feature;
			sourceTree = "<group>";
		};
		1594F54729FD527100A58F20 /* Main */ = {
			isa = PBXGroup;
			children = (
				1594F54829FD527700A58F20 /* ViewController */,
			);
			path = Main;
			sourceTree = "<group>";
		};
		1594F54829FD527700A58F20 /* ViewController */ = {
			isa = PBXGroup;
			children = (
				1594F53529FD517E00A58F20 /* ViewController.swift */,
			);
			path = ViewController;
			sourceTree = "<group>";
		};
		15F0A3F629FD5C9A0049AB33 /* Common */ = {
			isa = PBXGroup;
			children = (
				15FA5BAA29FF1A2900649317 /* CombineCocoa */,
				1339DB8429FD6B440039DF1D /* Extension */,
				15F0A3F729FD5CAA0049AB33 /* Protocol */,
			);
			path = Common;
			sourceTree = "<group>";
		};
		15F0A3F729FD5CAA0049AB33 /* Protocol */ = {
			isa = PBXGroup;
			children = (
				15F0A3F829FD5CBA0049AB33 /* LayoutSupport.swift */,
				15F0A3FB29FD5D2C0049AB33 /* ConvenienceInit.swift */,
				15F0A3FD29FD5DF00049AB33 /* ViewModelProtocols.swift */,
			);
			path = Protocol;
			sourceTree = "<group>";
		};
		15FA5BAA29FF1A2900649317 /* CombineCocoa */ = {
			isa = PBXGroup;
			children = (
				15FA5BAB29FF1A2900649317 /* UIControl+Combine.swift */,
				15FA5BAC29FF1A2900649317 /* UISwitch+Combine.swift */,
				15FA5BAD29FF1A2900649317 /* UIButton+Combine.swift */,
				15FA5BAE29FF1A2900649317 /* UIControl+CombineInteraction.swift */,
				15FA5BAF29FF1A2900649317 /* UITextField+Combine.swift */,
			);
			path = CombineCocoa;
			sourceTree = "<group>";
		};
		22C6F6C53B2A988070A2BBBC /* Pods */ = {
			isa = PBXGroup;
			children = (
				75E7B40FD574864F35D66797 /* Pods-travelPlan.debug.xcconfig */,
				D678D981623FBF5C9312D4AD /* Pods-travelPlan.release.xcconfig */,
			);
			path = Pods;
			sourceTree = "<group>";
		};
		38BB380F9A03662B39DBB789 /* Frameworks */ = {
			isa = PBXGroup;
			children = (
				1736FE614E419B58FF013DB1 /* Pods_travelPlan.framework */,
			);
			name = Frameworks;
			sourceTree = "<group>";
		};
/* End PBXGroup section */

/* Begin PBXNativeTarget section */
		1594F52D29FD517E00A58F20 /* travelPlan */ = {
			isa = PBXNativeTarget;
			buildConfigurationList = 1594F54229FD517F00A58F20 /* Build configuration list for PBXNativeTarget "travelPlan" */;
			buildPhases = (
				054397F39D3A8541D2E2C66B /* [CP] Check Pods Manifest.lock */,
				1594F52A29FD517E00A58F20 /* Sources */,
				1594F52B29FD517E00A58F20 /* Frameworks */,
				1594F52C29FD517E00A58F20 /* Resources */,
				15F0A3F329FD57CD0049AB33 /* ShellScript */,
				A594D61EF2148E5C087CAB86 /* [CP] Embed Pods Frameworks */,
			);
			buildRules = (
			);
			dependencies = (
			);
			name = travelPlan;
			productName = travelPlan;
			productReference = 1594F52E29FD517E00A58F20 /* travelPlan.app */;
			productType = "com.apple.product-type.application";
		};
/* End PBXNativeTarget section */

/* Begin PBXProject section */
		1594F52629FD517E00A58F20 /* Project object */ = {
			isa = PBXProject;
			attributes = {
				BuildIndependentTargetsInParallel = 1;
				LastSwiftUpdateCheck = 1430;
				LastUpgradeCheck = 1430;
				TargetAttributes = {
					1594F52D29FD517E00A58F20 = {
						CreatedOnToolsVersion = 14.3;
					};
				};
			};
			buildConfigurationList = 1594F52929FD517E00A58F20 /* Build configuration list for PBXProject "travelPlan" */;
			compatibilityVersion = "Xcode 14.0";
			developmentRegion = en;
			hasScannedForEncodings = 0;
			knownRegions = (
				en,
				Base,
			);
			mainGroup = 1594F52529FD517E00A58F20;
			productRefGroup = 1594F52F29FD517E00A58F20 /* Products */;
			projectDirPath = "";
			projectRoot = "";
			targets = (
				1594F52D29FD517E00A58F20 /* travelPlan */,
			);
		};
/* End PBXProject section */

/* Begin PBXResourcesBuildPhase section */
		1594F52C29FD517E00A58F20 /* Resources */ = {
			isa = PBXResourcesBuildPhase;
			buildActionMask = 2147483647;
			files = (
				15F0A3F529FD58280049AB33 /* .swiftlint.yml in Resources */,
				1594F53E29FD517F00A58F20 /* LaunchScreen.storyboard in Resources */,
				1594F53B29FD517F00A58F20 /* Assets.xcassets in Resources */,
			);
			runOnlyForDeploymentPostprocessing = 0;
		};
/* End PBXResourcesBuildPhase section */

/* Begin PBXShellScriptBuildPhase section */
		054397F39D3A8541D2E2C66B /* [CP] Check Pods Manifest.lock */ = {
			isa = PBXShellScriptBuildPhase;
			buildActionMask = 2147483647;
			files = (
			);
			inputFileListPaths = (
			);
			inputPaths = (
				"${PODS_PODFILE_DIR_PATH}/Podfile.lock",
				"${PODS_ROOT}/Manifest.lock",
			);
			name = "[CP] Check Pods Manifest.lock";
			outputFileListPaths = (
			);
			outputPaths = (
				"$(DERIVED_FILE_DIR)/Pods-travelPlan-checkManifestLockResult.txt",
			);
			runOnlyForDeploymentPostprocessing = 0;
			shellPath = /bin/sh;
			shellScript = "diff \"${PODS_PODFILE_DIR_PATH}/Podfile.lock\" \"${PODS_ROOT}/Manifest.lock\" > /dev/null\nif [ $? != 0 ] ; then\n    # print error to STDERR\n    echo \"error: The sandbox is not in sync with the Podfile.lock. Run 'pod install' or update your CocoaPods installation.\" >&2\n    exit 1\nfi\n# This output is used by Xcode 'outputs' to avoid re-running this script phase.\necho \"SUCCESS\" > \"${SCRIPT_OUTPUT_FILE_0}\"\n";
			showEnvVarsInLog = 0;
		};
		15F0A3F329FD57CD0049AB33 /* ShellScript */ = {
			isa = PBXShellScriptBuildPhase;
			alwaysOutOfDate = 1;
			buildActionMask = 2147483647;
			files = (
			);
			inputFileListPaths = (
			);
			inputPaths = (
			);
			outputFileListPaths = (
			);
			outputPaths = (
			);
			runOnlyForDeploymentPostprocessing = 0;
			shellPath = /bin/sh;
			shellScript = "# Type a script or drag a script file from your workspace to insert its path.\n${PODS_ROOT}/SwiftLint/swiftlint\n";
		};
		A594D61EF2148E5C087CAB86 /* [CP] Embed Pods Frameworks */ = {
			isa = PBXShellScriptBuildPhase;
			buildActionMask = 2147483647;
			files = (
			);
			inputFileListPaths = (
				"${PODS_ROOT}/Target Support Files/Pods-travelPlan/Pods-travelPlan-frameworks-${CONFIGURATION}-input-files.xcfilelist",
			);
			name = "[CP] Embed Pods Frameworks";
			outputFileListPaths = (
				"${PODS_ROOT}/Target Support Files/Pods-travelPlan/Pods-travelPlan-frameworks-${CONFIGURATION}-output-files.xcfilelist",
			);
			runOnlyForDeploymentPostprocessing = 0;
			shellPath = /bin/sh;
			shellScript = "\"${PODS_ROOT}/Target Support Files/Pods-travelPlan/Pods-travelPlan-frameworks.sh\"\n";
			showEnvVarsInLog = 0;
		};
/* End PBXShellScriptBuildPhase section */

/* Begin PBXSourcesBuildPhase section */
		1594F52A29FD517E00A58F20 /* Sources */ = {
			isa = PBXSourcesBuildPhase;
			buildActionMask = 2147483647;
			files = (
				15FA5BB429FF1A2A00649317 /* UITextField+Combine.swift in Sources */,
				15FA5BB329FF1A2A00649317 /* UIControl+CombineInteraction.swift in Sources */,
				15FA5BB229FF1A2A00649317 /* UIButton+Combine.swift in Sources */,
				1594F53629FD517E00A58F20 /* ViewController.swift in Sources */,
				15FA5BB029FF1A2A00649317 /* UIControl+Combine.swift in Sources */,
				1339DB8629FD6C240039DF1D /* UIColor+.swift in Sources */,
				15FA5BB129FF1A2A00649317 /* UISwitch+Combine.swift in Sources */,
				15F0A3FE29FD5DF00049AB33 /* ViewModelProtocols.swift in Sources */,
				15F0A3F929FD5CBA0049AB33 /* LayoutSupport.swift in Sources */,
				1594F53229FD517E00A58F20 /* AppDelegate.swift in Sources */,
				1594F53429FD517E00A58F20 /* SceneDelegate.swift in Sources */,
				15F0A3FC29FD5D2C0049AB33 /* ConvenienceInit.swift in Sources */,
			);
			runOnlyForDeploymentPostprocessing = 0;
		};
/* End PBXSourcesBuildPhase section */

/* Begin PBXVariantGroup section */
		1594F53C29FD517F00A58F20 /* LaunchScreen.storyboard */ = {
			isa = PBXVariantGroup;
			children = (
				1594F53D29FD517F00A58F20 /* Base */,
			);
			name = LaunchScreen.storyboard;
			sourceTree = "<group>";
		};
/* End PBXVariantGroup section */

/* Begin XCBuildConfiguration section */
		1594F54029FD517F00A58F20 /* Debug */ = {
			isa = XCBuildConfiguration;
			buildSettings = {
				ALWAYS_SEARCH_USER_PATHS = NO;
				CLANG_ANALYZER_NONNULL = YES;
				CLANG_ANALYZER_NUMBER_OBJECT_CONVERSION = YES_AGGRESSIVE;
				CLANG_CXX_LANGUAGE_STANDARD = "gnu++20";
				CLANG_ENABLE_MODULES = YES;
				CLANG_ENABLE_OBJC_ARC = YES;
				CLANG_ENABLE_OBJC_WEAK = YES;
				CLANG_WARN_BLOCK_CAPTURE_AUTORELEASING = YES;
				CLANG_WARN_BOOL_CONVERSION = YES;
				CLANG_WARN_COMMA = YES;
				CLANG_WARN_CONSTANT_CONVERSION = YES;
				CLANG_WARN_DEPRECATED_OBJC_IMPLEMENTATIONS = YES;
				CLANG_WARN_DIRECT_OBJC_ISA_USAGE = YES_ERROR;
				CLANG_WARN_DOCUMENTATION_COMMENTS = YES;
				CLANG_WARN_EMPTY_BODY = YES;
				CLANG_WARN_ENUM_CONVERSION = YES;
				CLANG_WARN_INFINITE_RECURSION = YES;
				CLANG_WARN_INT_CONVERSION = YES;
				CLANG_WARN_NON_LITERAL_NULL_CONVERSION = YES;
				CLANG_WARN_OBJC_IMPLICIT_RETAIN_SELF = YES;
				CLANG_WARN_OBJC_LITERAL_CONVERSION = YES;
				CLANG_WARN_OBJC_ROOT_CLASS = YES_ERROR;
				CLANG_WARN_QUOTED_INCLUDE_IN_FRAMEWORK_HEADER = YES;
				CLANG_WARN_RANGE_LOOP_ANALYSIS = YES;
				CLANG_WARN_STRICT_PROTOTYPES = YES;
				CLANG_WARN_SUSPICIOUS_MOVE = YES;
				CLANG_WARN_UNGUARDED_AVAILABILITY = YES_AGGRESSIVE;
				CLANG_WARN_UNREACHABLE_CODE = YES;
				CLANG_WARN__DUPLICATE_METHOD_MATCH = YES;
				COPY_PHASE_STRIP = NO;
				DEBUG_INFORMATION_FORMAT = dwarf;
				ENABLE_STRICT_OBJC_MSGSEND = YES;
				ENABLE_TESTABILITY = YES;
				GCC_C_LANGUAGE_STANDARD = gnu11;
				GCC_DYNAMIC_NO_PIC = NO;
				GCC_NO_COMMON_BLOCKS = YES;
				GCC_OPTIMIZATION_LEVEL = 0;
				GCC_PREPROCESSOR_DEFINITIONS = (
					"DEBUG=1",
					"$(inherited)",
				);
				GCC_WARN_64_TO_32_BIT_CONVERSION = YES;
				GCC_WARN_ABOUT_RETURN_TYPE = YES_ERROR;
				GCC_WARN_UNDECLARED_SELECTOR = YES;
				GCC_WARN_UNINITIALIZED_AUTOS = YES_AGGRESSIVE;
				GCC_WARN_UNUSED_FUNCTION = YES;
				GCC_WARN_UNUSED_VARIABLE = YES;
				IPHONEOS_DEPLOYMENT_TARGET = 13.0;
				MTL_ENABLE_DEBUG_INFO = INCLUDE_SOURCE;
				MTL_FAST_MATH = YES;
				ONLY_ACTIVE_ARCH = YES;
				SDKROOT = iphoneos;
				SWIFT_ACTIVE_COMPILATION_CONDITIONS = DEBUG;
				SWIFT_OPTIMIZATION_LEVEL = "-Onone";
			};
			name = Debug;
		};
		1594F54129FD517F00A58F20 /* Release */ = {
			isa = XCBuildConfiguration;
			buildSettings = {
				ALWAYS_SEARCH_USER_PATHS = NO;
				CLANG_ANALYZER_NONNULL = YES;
				CLANG_ANALYZER_NUMBER_OBJECT_CONVERSION = YES_AGGRESSIVE;
				CLANG_CXX_LANGUAGE_STANDARD = "gnu++20";
				CLANG_ENABLE_MODULES = YES;
				CLANG_ENABLE_OBJC_ARC = YES;
				CLANG_ENABLE_OBJC_WEAK = YES;
				CLANG_WARN_BLOCK_CAPTURE_AUTORELEASING = YES;
				CLANG_WARN_BOOL_CONVERSION = YES;
				CLANG_WARN_COMMA = YES;
				CLANG_WARN_CONSTANT_CONVERSION = YES;
				CLANG_WARN_DEPRECATED_OBJC_IMPLEMENTATIONS = YES;
				CLANG_WARN_DIRECT_OBJC_ISA_USAGE = YES_ERROR;
				CLANG_WARN_DOCUMENTATION_COMMENTS = YES;
				CLANG_WARN_EMPTY_BODY = YES;
				CLANG_WARN_ENUM_CONVERSION = YES;
				CLANG_WARN_INFINITE_RECURSION = YES;
				CLANG_WARN_INT_CONVERSION = YES;
				CLANG_WARN_NON_LITERAL_NULL_CONVERSION = YES;
				CLANG_WARN_OBJC_IMPLICIT_RETAIN_SELF = YES;
				CLANG_WARN_OBJC_LITERAL_CONVERSION = YES;
				CLANG_WARN_OBJC_ROOT_CLASS = YES_ERROR;
				CLANG_WARN_QUOTED_INCLUDE_IN_FRAMEWORK_HEADER = YES;
				CLANG_WARN_RANGE_LOOP_ANALYSIS = YES;
				CLANG_WARN_STRICT_PROTOTYPES = YES;
				CLANG_WARN_SUSPICIOUS_MOVE = YES;
				CLANG_WARN_UNGUARDED_AVAILABILITY = YES_AGGRESSIVE;
				CLANG_WARN_UNREACHABLE_CODE = YES;
				CLANG_WARN__DUPLICATE_METHOD_MATCH = YES;
				COPY_PHASE_STRIP = NO;
				DEBUG_INFORMATION_FORMAT = "dwarf-with-dsym";
				ENABLE_NS_ASSERTIONS = NO;
				ENABLE_STRICT_OBJC_MSGSEND = YES;
				GCC_C_LANGUAGE_STANDARD = gnu11;
				GCC_NO_COMMON_BLOCKS = YES;
				GCC_WARN_64_TO_32_BIT_CONVERSION = YES;
				GCC_WARN_ABOUT_RETURN_TYPE = YES_ERROR;
				GCC_WARN_UNDECLARED_SELECTOR = YES;
				GCC_WARN_UNINITIALIZED_AUTOS = YES_AGGRESSIVE;
				GCC_WARN_UNUSED_FUNCTION = YES;
				GCC_WARN_UNUSED_VARIABLE = YES;
				IPHONEOS_DEPLOYMENT_TARGET = 13.0;
				MTL_ENABLE_DEBUG_INFO = NO;
				MTL_FAST_MATH = YES;
				SDKROOT = iphoneos;
				SWIFT_COMPILATION_MODE = wholemodule;
				SWIFT_OPTIMIZATION_LEVEL = "-O";
				VALIDATE_PRODUCT = YES;
			};
			name = Release;
		};
		1594F54329FD517F00A58F20 /* Debug */ = {
			isa = XCBuildConfiguration;
			baseConfigurationReference = 75E7B40FD574864F35D66797 /* Pods-travelPlan.debug.xcconfig */;
			buildSettings = {
				ASSETCATALOG_COMPILER_APPICON_NAME = AppIcon;
				ASSETCATALOG_COMPILER_GLOBAL_ACCENT_COLOR_NAME = AccentColor;
				CODE_SIGN_STYLE = Automatic;
				CURRENT_PROJECT_VERSION = 1;
				GENERATE_INFOPLIST_FILE = YES;
				INFOPLIST_FILE = Source/Support/Info.plist;
				INFOPLIST_KEY_UIApplicationSupportsIndirectInputEvents = YES;
				INFOPLIST_KEY_UILaunchStoryboardName = LaunchScreen;
				INFOPLIST_KEY_UISupportedInterfaceOrientations = UIInterfaceOrientationPortrait;
				INFOPLIST_KEY_UISupportedInterfaceOrientations_iPad = "UIInterfaceOrientationLandscapeLeft UIInterfaceOrientationLandscapeRight UIInterfaceOrientationPortrait UIInterfaceOrientationPortraitUpsideDown";
				IPHONEOS_DEPLOYMENT_TARGET = 13.0;
				LD_RUNPATH_SEARCH_PATHS = (
					"$(inherited)",
					"@executable_path/Frameworks",
				);
				MARKETING_VERSION = 1.0;
				PRODUCT_BUNDLE_IDENTIFIER = SH.travelPlan;
				PRODUCT_NAME = "$(TARGET_NAME)";
				SWIFT_EMIT_LOC_STRINGS = YES;
				SWIFT_VERSION = 5.0;
				TARGETED_DEVICE_FAMILY = "1,2";
			};
			name = Debug;
		};
		1594F54429FD517F00A58F20 /* Release */ = {
			isa = XCBuildConfiguration;
			baseConfigurationReference = D678D981623FBF5C9312D4AD /* Pods-travelPlan.release.xcconfig */;
			buildSettings = {
				ASSETCATALOG_COMPILER_APPICON_NAME = AppIcon;
				ASSETCATALOG_COMPILER_GLOBAL_ACCENT_COLOR_NAME = AccentColor;
				CODE_SIGN_STYLE = Automatic;
				CURRENT_PROJECT_VERSION = 1;
				GENERATE_INFOPLIST_FILE = YES;
				INFOPLIST_FILE = Source/Support/Info.plist;
				INFOPLIST_KEY_UIApplicationSupportsIndirectInputEvents = YES;
				INFOPLIST_KEY_UILaunchStoryboardName = LaunchScreen;
				INFOPLIST_KEY_UISupportedInterfaceOrientations = UIInterfaceOrientationPortrait;
				INFOPLIST_KEY_UISupportedInterfaceOrientations_iPad = "UIInterfaceOrientationLandscapeLeft UIInterfaceOrientationLandscapeRight UIInterfaceOrientationPortrait UIInterfaceOrientationPortraitUpsideDown";
				IPHONEOS_DEPLOYMENT_TARGET = 13.0;
				LD_RUNPATH_SEARCH_PATHS = (
					"$(inherited)",
					"@executable_path/Frameworks",
				);
				MARKETING_VERSION = 1.0;
				PRODUCT_BUNDLE_IDENTIFIER = SH.travelPlan;
				PRODUCT_NAME = "$(TARGET_NAME)";
				SWIFT_EMIT_LOC_STRINGS = YES;
				SWIFT_VERSION = 5.0;
				TARGETED_DEVICE_FAMILY = "1,2";
			};
			name = Release;
		};
/* End XCBuildConfiguration section */

/* Begin XCConfigurationList section */
		1594F52929FD517E00A58F20 /* Build configuration list for PBXProject "travelPlan" */ = {
			isa = XCConfigurationList;
			buildConfigurations = (
				1594F54029FD517F00A58F20 /* Debug */,
				1594F54129FD517F00A58F20 /* Release */,
			);
			defaultConfigurationIsVisible = 0;
			defaultConfigurationName = Release;
		};
		1594F54229FD517F00A58F20 /* Build configuration list for PBXNativeTarget "travelPlan" */ = {
			isa = XCConfigurationList;
			buildConfigurations = (
				1594F54329FD517F00A58F20 /* Debug */,
				1594F54429FD517F00A58F20 /* Release */,
			);
			defaultConfigurationIsVisible = 0;
			defaultConfigurationName = Release;
		};
/* End XCConfigurationList section */
	};
	rootObject = 1594F52629FD517E00A58F20 /* Project object */;
}
