PODS:
  - Alamofire (5.6.4)
  - SnapKit (5.6.0)
  - SwiftLint (0.51.0)
  - Swinject (2.8.3)

DEPENDENCIES:
  - Alamofire
  - SnapKit (~> 5.6.0)
  - SwiftLint
  - Swinject

SPEC REPOS:
  trunk:
    - Alamofire
    - SnapKit
    - SwiftLint
    - Swinject

SPEC CHECKSUMS:
  Alamofire: 4e95d97098eacb88856099c4fc79b526a299e48c
  SnapKit: e01d52ebb8ddbc333eefe2132acf85c8227d9c25
  SwiftLint: 1b7561918a19e23bfed960e40759086e70f4dba5
  Swinject: 893c9a543000ac2f10ee4cbaf0933c6992c935d5

PODFILE CHECKSUM: b9545cf17202a2ff5a110dade229a04ae693e394

COCOAPODS: 1.11.3
