PODS:
  - Alamofire (5.8.1)
  - SnapKit (5.6.0)
  - SwiftLint (0.53.0)

DEPENDENCIES:
  - Alamofire
  - SnapKit (~> 5.6.0)
  - SwiftLint

SPEC REPOS:
  trunk:
    - Alamofire
    - SnapKit
    - SwiftLint

SPEC CHECKSUMS:
  Alamofire: 3ca42e259043ee0dc5c0cdd76c4bc568b8e42af7
  SnapKit: e01d52ebb8ddbc333eefe2132acf85c8227d9c25
  SwiftLint: 5ce4d6a8ff83f1b5fd5ad5dbf30965d35af65e44

PODFILE CHECKSUM: e56f899a0ef55c3e9bc30e73661799d1e2689f91

COCOAPODS: 1.11.3
