PODS:
  - Alamofire (5.8.0)
  - SnapKit (5.6.0)
  - SwiftLint (0.53.0)
  - Swinject (2.8.3)

DEPENDENCIES:
  - Alamofire
  - SnapKit (~> 5.6.0)
  - SwiftLint
  - Swinject

SPEC REPOS:
  trunk:
    - Alamofire
    - SnapKit
    - SwiftLint
    - Swinject

SPEC CHECKSUMS:
  Alamofire: 0e92e751b3e9e66d7982db43919d01f313b8eb91
  SnapKit: e01d52ebb8ddbc333eefe2132acf85c8227d9c25
  SwiftLint: 5ce4d6a8ff83f1b5fd5ad5dbf30965d35af65e44
  Swinject: 893c9a543000ac2f10ee4cbaf0933c6992c935d5

PODFILE CHECKSUM: b9545cf17202a2ff5a110dade229a04ae693e394

COCOAPODS: 1.11.3
